
Microsoft Visual Studio Solution File, Format Version 12.00
# Visual Studio Version 16
VisualStudioVersion = 16.0.29920.165
MinimumVisualStudioVersion = 10.0.40219.1
Project("{FAE04EC0-301F-11D3-BF4B-00C04F79EFBC}") = "Ex4", "Ex4\Ex4.csproj", "{6CD03B57-C7DF-4A20-8384-7604CBCF844C}"
EndProject
Global
	GlobalSection(SolutionConfigurationPlatforms) = preSolution
		Debug|Any CPU = Debug|Any CPU
		Release|Any CPU = Release|Any CPU
	EndGlobalSection
	GlobalSection(ProjectConfigurationPlatforms) = postSolution
		{6CD03B57-C7DF-4A20-8384-7604CBCF844C}.Debug|Any CPU.ActiveCfg = Debug|Any CPU
		{6CD03B57-C7DF-4A20-8384-7604CBCF844C}.Debug|Any CPU.Build.0 = Debug|Any CPU
		{6CD03B57-C7DF-4A20-8384-7604CBCF844C}.Release|Any CPU.ActiveCfg = Release|Any CPU
		{6CD03B57-C7DF-4A20-8384-7604CBCF844C}.Release|Any CPU.Build.0 = Release|Any CPU
	EndGlobalSection
	GlobalSection(SolutionProperties) = preSolution
		HideSolutionNode = FALSE
	EndGlobalSection
	GlobalSection(ExtensibilityGlobals) = postSolution
		SolutionGuid = {D2D1A346-221F-416C-B2DE-3E2485D0CDB8}
	EndGlobalSection
EndGlobal
